{
  "nodes": {
    "nixpkgs": {
      "locked": {
        "lastModified": 1717144377,
        "narHash": "sha256-F/TKWETwB5RaR8owkPPi+SPJh83AQsm6KrQAlJ8v/uA=",
        "owner": "nixos",
        "repo": "nixpkgs",
        "rev": "805a384895c696f802a9bf5bf4720f37385df547",
        "type": "github"
      },
      "original": {
        "id": "nixpkgs",
        "type": "indirect"
      }
    },
    "root": {
      "inputs": {
        "nixpkgs": "nixpkgs",
        "sops-nix": "sops-nix"
      }
    },
    "sops-nix": {
      "inputs": {
        "nixpkgs": ["nixpkgs"],
        "nixpkgs-stable": ["nixpkgs"]
      },
      "locked": {
        "lastModified": 1717297459,
        "narHash": "sha256-cZC2f68w5UrJ1f+2NWGV9Gx0dEYmxwomWN2B0lx0QRA=",
        "owner": "mic92",
        "repo": "sops-nix",
        "rev": "ab2a43b0d21d1d37d4d5726a892f714eaeb4b075",
        "type": "github"
      },
      "original": {
        "id": "sops-nix",
        "type": "indirect"
      }
    }
  },
  "root": "root",
  "version": 7
}
